{"format_version": "1.0", "provider_schemas": {"registry.terraform.io/sky-cloak/skycloak": {"provider": {"version": 0, "block": {"attributes": {"api_key": {"type": "string", "description": "Skycloak API key (`sk_sc_{env}_..._...`). Prefer the `SKYCLOAK_API_KEY` env var. Minted in the dashboard.", "description_kind": "markdown", "optional": true, "sensitive": true}, "api_version": {"type": "string", "description": "Date-based API version, e.g. `2026-06-01.beta` (env `SKYCLOAK_API_VERSION`). Defaults to the version this provider release was built against.", "description_kind": "markdown", "optional": true}, "endpoint": {"type": "string", "description": "Public API base URL. Defaults to `https://api.skycloak.io` (env `SKYCLOAK_ENDPOINT`).", "description_kind": "markdown", "optional": true}}, "description": "Manage your Skycloak managed-Keycloak environment as code.", "description_kind": "markdown"}}, "resource_schemas": {"skycloak_application": {"version": 0, "block": {"attributes": {"client_id": {"type": "string", "description": "OAuth client ID (unique within the realm). Immutable.", "description_kind": "markdown", "required": true}, "client_secret": {"type": "string", "description": "Client secret (confidential clients). Returned on create; use a rotate operation to change it.", "description_kind": "markdown", "computed": true, "sensitive": true}, "cluster_id": {"type": "string", "description": "Cluster ID. Immutable.", "description_kind": "markdown", "required": true}, "consent_required": {"type": "bool", "description": "Require user consent. Defaults to `false`.", "description_kind": "markdown", "optional": true, "computed": true}, "created_at": {"type": "string", "description": "Creation timestamp.", "description_kind": "markdown", "computed": true}, "description": {"type": "string", "description": "Description.", "description_kind": "markdown", "optional": true}, "grant_types": {"type": ["list", "string"], "description": "OAuth grant types enabled for the client.", "description_kind": "markdown", "optional": true, "computed": true}, "id": {"type": "string", "description": "Composite ID `cluster_id/realm_name/client_id`.", "description_kind": "markdown", "computed": true}, "name": {"type": "string", "description": "Display name.", "description_kind": "markdown", "optional": true, "computed": true}, "pkce_required": {"type": "bool", "description": "Require PKCE. Defaults to `false`.", "description_kind": "markdown", "optional": true, "computed": true}, "protocol": {"type": "string", "description": "Protocol: `openid-connect` or `saml`. Immutable.", "description_kind": "markdown", "optional": true, "computed": true}, "realm_name": {"type": "string", "description": "Realm name. Immutable.", "description_kind": "markdown", "required": true}, "redirect_uris": {"type": ["list", "string"], "description": "Allowed redirect URIs.", "description_kind": "markdown", "optional": true}, "service_account_enabled": {"type": "bool", "description": "Whether a service account (client credentials) is enabled. Read-only.", "description_kind": "markdown", "computed": true}, "status": {"type": "string", "description": "Status (`active`/`inactive`).", "description_kind": "markdown", "computed": true}, "type": {"type": "string", "description": "Client type: `confidential` or `public`. Immutable.", "description_kind": "markdown", "required": true}, "updated_at": {"type": "string", "description": "Last update timestamp.", "description_kind": "markdown", "computed": true}}, "description": "An OIDC/SAML client (application) in a Skycloak realm.", "description_kind": "markdown"}}, "skycloak_application_role_assignment": {"version": 0, "block": {"attributes": {"client_id": {"type": "string", "description": "Application client ID receiving the role. Immutable.", "description_kind": "markdown", "required": true}, "cluster_id": {"type": "string", "description": "Cluster ID. Immutable.", "description_kind": "markdown", "required": true}, "id": {"type": "string", "description_kind": "plain", "computed": true}, "realm_name": {"type": "string", "description": "Realm name. Immutable.", "description_kind": "markdown", "required": true}, "role_client_id": {"type": "string", "description": "Client ID owning the role, for a client role. Omit for a realm role. Immutable.", "description_kind": "markdown", "optional": true}, "role_name": {"type": "string", "description": "Role name to assign. Immutable.", "description_kind": "markdown", "required": true}}, "description": "Grants a role to an application's service account. One resource per (client, role) edge.", "description_kind": "markdown"}}, "skycloak_application_secret": {"version": 0, "block": {"attributes": {"client_id": {"type": "string", "description": "Application client ID. Immutable.", "description_kind": "markdown", "required": true}, "client_secret": {"type": "string", "description": "The current (rotated) client secret.", "description_kind": "markdown", "computed": true, "sensitive": true}, "cluster_id": {"type": "string", "description": "Cluster ID. Immutable.", "description_kind": "markdown", "required": true}, "id": {"type": "string", "description": "Composite ID `cluster_id/realm_name/client_id`.", "description_kind": "markdown", "computed": true}, "realm_name": {"type": "string", "description": "Realm name. Immutable.", "description_kind": "markdown", "required": true}, "rotate_when": {"type": ["map", "string"], "description": "Arbitrary key/value map; changing any value forces a new secret to be generated.", "description_kind": "markdown", "optional": true}}, "description": "Rotates an application's client secret. The secret is regenerated whenever this resource is created or `rotate_when` changes.", "description_kind": "markdown"}}, "skycloak_captcha_domain": {"version": 0, "block": {"attributes": {"cluster_id": {"type": "string", "description": "Cluster ID. Immutable.", "description_kind": "markdown", "required": true}, "created_at": {"type": "string", "description": "Registration timestamp.", "description_kind": "markdown", "computed": true}, "hostname": {"type": "string", "description": "Hostname to protect; must be one of the cluster's verified custom domains. Immutable.", "description_kind": "markdown", "required": true}, "id": {"type": "string", "description": "Composite ID `cluster_id/hostname`.", "description_kind": "markdown", "computed": true}}, "description": "A hostname registered for CAPTCHA protection on a cluster. The number of registrable hostnames is capped per cluster; the API rejects additions beyond the cap.", "description_kind": "markdown"}}, "skycloak_client_theme_assignment": {"version": 0, "block": {"attributes": {"client_id": {"type": "string", "description": "OIDC/SAML client ID. Immutable.", "description_kind": "markdown", "required": true}, "cluster_id": {"type": "string", "description": "Cluster ID. Immutable.", "description_kind": "markdown", "required": true}, "id": {"type": "string", "description": "Composite ID `cluster_id/realm_name/client_id/theme`.", "description_kind": "markdown", "computed": true}, "login": {"type": "string", "description": "Custom theme ID to activate for this client's login page. Omit to use the realm default.", "description_kind": "markdown", "optional": true}, "realm_name": {"type": "string", "description": "Realm name. Immutable.", "description_kind": "markdown", "required": true}}, "description": "Per-client login-theme override. Overrides the realm default for a single OIDC/SAML client.", "description_kind": "markdown"}}, "skycloak_cluster": {"version": 0, "block": {"attributes": {"auto_upgrade_enabled": {"type": "bool", "description": "Enable automatic patch upgrades, applied inside the cluster's maintenance window. Defaults to `false`.", "description_kind": "markdown", "optional": true, "computed": true}, "id": {"type": "string", "description": "Cluster ID (UUID).", "description_kind": "markdown", "computed": true}, "location": {"type": "string", "description": "Region (`us`, `ca`, `eu`, `au`). Immutable \u2014 changing it replaces the cluster.", "description_kind": "markdown", "required": true}, "name": {"type": "string", "description": "Human-readable cluster name.", "description_kind": "markdown", "required": true}, "size": {"type": "string", "description": "Instance size (`small`, `medium`, `large`).", "description_kind": "markdown", "required": true}, "status": {"type": "string", "description": "Lifecycle status (`provisioning`, `available`, ...).", "description_kind": "markdown", "computed": true}, "type": {"type": "string", "description": "Cluster type (`keycloak` or `tidecloak`). Immutable \u2014 changing it replaces the cluster.", "description_kind": "markdown", "required": true}, "url": {"type": "string", "description": "Cluster base URL once available.", "description_kind": "markdown", "computed": true}, "version": {"type": "string", "description": "Keycloak version, e.g. `26.1`.", "description_kind": "markdown", "required": true}}, "description": "A Skycloak managed Keycloak cluster.", "description_kind": "markdown"}}, "skycloak_cluster_extension": {"version": 0, "block": {"attributes": {"available_version": {"type": "string", "description": "Latest available version.", "description_kind": "markdown", "computed": true}, "cluster_id": {"type": "string", "description": "Cluster ID. Immutable.", "description_kind": "markdown", "required": true}, "extension_id": {"type": "string", "description": "Catalog extension ID (see the `skycloak_extensions` data source). Immutable.", "description_kind": "markdown", "required": true}, "extension_name": {"type": "string", "description": "Extension display name.", "description_kind": "markdown", "computed": true}, "id": {"type": "string", "description": "Composite ID `cluster_id/extension_id`.", "description_kind": "markdown", "computed": true}, "installed_at": {"type": "string", "description": "Install timestamp (RFC 3339).", "description_kind": "markdown", "computed": true}, "installed_version": {"type": "string", "description": "Version currently running on the cluster.", "description_kind": "markdown", "computed": true}, "parameters": {"type": ["map", "string"], "description": "Parameter values keyed by parameter `key`. Write-only (sensitive values are never read back). Changing this reinstalls the extension.", "description_kind": "markdown", "optional": true, "sensitive": true}, "source": {"type": "string", "description": "Extension source (`marketplace`, `custom`).", "description_kind": "markdown", "computed": true}, "status": {"type": "string", "description": "Installation status.", "description_kind": "markdown", "computed": true}, "upgrade_available": {"type": "bool", "description": "Whether a newer version is available.", "description_kind": "markdown", "computed": true}}, "description": "Installs a marketplace extension on a cluster. Installation is asynchronous; the `status` reflects provisioning progress. Changing `extension_id` or `parameters` reinstalls the extension.", "description_kind": "markdown"}}, "skycloak_cluster_maintenance_window": {"version": 0, "block": {"attributes": {"cluster_id": {"type": "string", "description": "Cluster ID. Immutable.", "description_kind": "markdown", "required": true}, "days_of_week": {"type": ["list", "number"], "description": "Days of week the window applies to (0 = Sunday ... 6 = Saturday).", "description_kind": "markdown", "required": true}, "enabled": {"type": "bool", "description": "Whether the window is active.", "description_kind": "markdown", "required": true}, "end_local": {"type": "string", "description": "Local end time, `HH:MM`.", "description_kind": "markdown", "required": true}, "id": {"type": "string", "description": "Composite ID `cluster_id/maintenance-window`.", "description_kind": "markdown", "computed": true}, "start_local": {"type": "string", "description": "Local start time, `HH:MM`.", "description_kind": "markdown", "required": true}, "timezone": {"type": "string", "description": "IANA timezone, e.g. `Europe/Berlin`.", "description_kind": "markdown", "required": true}}, "description": "The cluster's own maintenance window: when Skycloak applies upgrades and other disruptive changes. A singleton per cluster (create == update upsert). Destroying this resource does not leave the cluster without a window: it reverts the cluster to the workspace default window.", "description_kind": "markdown"}}, "skycloak_cluster_security": {"version": 0, "block": {"attributes": {"bot_management": {"nested_type": {"attributes": {"blacklisted_agents": {"type": ["list", "string"], "description": "User-agent regex patterns to always block.", "description_kind": "markdown", "optional": true}, "challenge_mode": {"type": "string", "description": "`none`, `javascript`, or `captcha`.", "description_kind": "markdown", "required": true}, "enabled": {"type": "bool", "description": "Whether bot management is enabled.", "description_kind": "markdown", "required": true}, "mode": {"type": "string", "description": "`block` or `detect`.", "description_kind": "markdown", "required": true}, "whitelisted_agents": {"type": ["list", "string"], "description": "User-agent regex patterns to always allow.", "description_kind": "markdown", "optional": true}}, "nesting_mode": "single"}, "description": "Bot detection and challenges.", "description_kind": "markdown", "optional": true}, "captcha": {"nested_type": {"attributes": {"enabled": {"type": "bool", "description": "Whether CAPTCHA challenges are presented.", "description_kind": "markdown", "required": true}, "enabled_realms": {"type": ["list", "string"], "description": "Realm IDs where challenges are presented during login.", "description_kind": "markdown", "optional": true}}, "nesting_mode": "single"}, "description": "Login-flow CAPTCHA challenges. Omit to leave the server's CAPTCHA settings unmanaged.", "description_kind": "markdown", "optional": true}, "cluster_id": {"type": "string", "description": "Cluster ID. Immutable.", "description_kind": "markdown", "required": true}, "geo_blocking": {"nested_type": {"attributes": {"countries": {"type": ["list", "string"], "description": "ISO 3166-1 alpha-2 country codes.", "description_kind": "markdown", "required": true}, "enabled": {"type": "bool", "description": "Whether geo-blocking is enabled.", "description_kind": "markdown", "required": true}, "mode": {"type": "string", "description": "`allowlist` or `blocklist`.", "description_kind": "markdown", "required": true}}, "nesting_mode": "single"}, "description": "Country-based access control.", "description_kind": "markdown", "optional": true}, "id": {"type": "string", "description": "`cluster_id/security`.", "description_kind": "markdown", "computed": true}, "ip_access_control": {"nested_type": {"attributes": {"allowed_cidrs": {"type": ["list", "string"], "description": "CIDR ranges to allow.", "description_kind": "markdown", "optional": true}, "allowed_ips": {"type": ["list", "string"], "description": "Individual IPs to allow.", "description_kind": "markdown", "optional": true}, "description": {"type": "string", "description": "Rule description.", "description_kind": "markdown", "optional": true}, "path": {"type": "string", "description": "URL path prefix to restrict.", "description_kind": "markdown", "required": true}}, "nesting_mode": "list"}, "description": "Per-path IP allow rules.", "description_kind": "markdown", "optional": true}, "rate_limiting": {"nested_type": {"attributes": {"enabled": {"type": "bool", "description": "Whether rate limiting is enabled.", "description_kind": "markdown", "required": true}, "endpoint_limits": {"nested_type": {"attributes": {"path": {"type": "string", "description": "URL path.", "description_kind": "markdown", "required": true}, "rpm": {"type": "number", "description": "Max requests per minute.", "description_kind": "markdown", "required": true}}, "nesting_mode": "list"}, "description": "Per-path request limits.", "description_kind": "markdown", "optional": true}, "global_rpm": {"type": "number", "description": "Global requests-per-minute ceiling.", "description_kind": "markdown", "optional": true}, "per_ip_rpm": {"type": "number", "description": "Per-source-IP requests-per-minute ceiling.", "description_kind": "markdown", "optional": true}}, "nesting_mode": "single"}, "description": "Request-rate ceilings.", "description_kind": "markdown", "optional": true}, "waf": {"nested_type": {"attributes": {"categories": {"nested_type": {"attributes": {"cross_site_scripting": {"type": "bool", "description_kind": "plain", "required": true}, "data_leakage": {"type": "bool", "description_kind": "plain", "required": true}, "java_attacks": {"type": "bool", "description_kind": "plain", "required": true}, "local_file_inclusion": {"type": "bool", "description_kind": "plain", "required": true}, "php_injection": {"type": "bool", "description_kind": "plain", "required": true}, "protocol_attacks": {"type": "bool", "description_kind": "plain", "required": true}, "protocol_enforcement": {"type": "bool", "description_kind": "plain", "required": true}, "remote_code_execution": {"type": "bool", "description_kind": "plain", "required": true}, "remote_file_inclusion": {"type": "bool", "description_kind": "plain", "required": true}, "session_fixation": {"type": "bool", "description_kind": "plain", "required": true}, "sql_injection": {"type": "bool", "description_kind": "plain", "required": true}, "webshell_detection": {"type": "bool", "description_kind": "plain", "required": true}}, "nesting_mode": "single"}, "description": "Active rule categories (required when `preset` is `custom`).", "description_kind": "markdown", "optional": true}, "enabled": {"type": "bool", "description": "Whether the WAF is enabled.", "description_kind": "markdown", "required": true}, "exclusion_paths": {"type": ["list", "string"], "description": "URL paths exempt from inspection.", "description_kind": "markdown", "optional": true}, "mode": {"type": "string", "description": "`block` or `detect`.", "description_kind": "markdown", "required": true}, "paranoia_level": {"type": "number", "description": "Detection sensitivity (1-4).", "description_kind": "markdown", "required": true}, "preset": {"type": "string", "description": "`owasp_top_10`, `full_crs`, or `custom`.", "description_kind": "markdown", "required": true}, "rule_exclusions": {"nested_type": {"attributes": {"paths": {"type": ["list", "string"], "description": "Restrict the exclusion to these paths.", "description_kind": "markdown", "optional": true}, "rule_ids": {"type": ["list", "string"], "description": "OWASP CRS rule IDs to disable.", "description_kind": "markdown", "required": true}}, "nesting_mode": "list"}, "description": "CRS rules to disable.", "description_kind": "markdown", "optional": true}}, "nesting_mode": "single"}, "description": "Web application firewall.", "description_kind": "markdown", "optional": true}}, "description": "Edge-security configuration for a cluster: IP allow-listing, rate limiting, WAF, geo-blocking, bot management, and CAPTCHA. A singleton per cluster. When the `captcha` block is omitted, the server's CAPTCHA settings are left untouched. CAPTCHA hostnames are registered via `skycloak_captcha_domain`.", "description_kind": "markdown"}}, "skycloak_custom_extension": {"version": 0, "block": {"attributes": {"content_sha256": {"type": "string", "description": "SHA-256 of the uploaded JAR. Recomputed each plan; a change publishes a new version.", "description_kind": "markdown", "computed": true}, "created_at": {"type": "string", "description": "Creation timestamp (RFC 3339).", "description_kind": "markdown", "computed": true}, "description": {"type": "string", "description": "Extension description.", "description_kind": "markdown", "optional": true}, "icon_url": {"type": "string", "description": "Icon URL.", "description_kind": "markdown", "optional": true}, "id": {"type": "string", "description": "Extension ID.", "description_kind": "markdown", "computed": true}, "jar": {"type": "string", "description": "Path to the extension JAR file.", "description_kind": "markdown", "required": true}, "keycloak_version": {"type": "string", "description": "Keycloak major version this JAR targets (e.g. `26`).", "description_kind": "markdown", "required": true}, "name": {"type": "string", "description": "Extension name.", "description_kind": "markdown", "required": true}, "parameter_type": {"type": "string", "description": "How parameters are supplied to the extension.", "description_kind": "markdown", "optional": true}, "parameters": {"nested_type": {"attributes": {"default_value": {"type": "string", "description": "Default value.", "description_kind": "markdown", "optional": true}, "is_sensitive": {"type": "bool", "description": "Whether the value is write-only/secret.", "description_kind": "markdown", "optional": true}, "key": {"type": "string", "description": "Unique parameter identifier.", "description_kind": "markdown", "required": true}, "label": {"type": "string", "description": "Human-readable label.", "description_kind": "markdown", "required": true}, "options": {"nested_type": {"attributes": {"label": {"type": "string", "description": "Option label.", "description_kind": "markdown", "required": true}, "value": {"type": "string", "description": "Option value.", "description_kind": "markdown", "required": true}}, "nesting_mode": "list"}, "description": "Choices for a `dropdown` parameter.", "description_kind": "markdown", "optional": true}, "required": {"type": "bool", "description": "Whether the parameter must be supplied.", "description_kind": "markdown", "optional": true}, "type": {"type": "string", "description": "Field type: `text`, `password`, `number`, `checkbox`, or `dropdown`.", "description_kind": "markdown", "required": true}}, "nesting_mode": "list"}, "description": "Configuration parameter schema exposed when installing the extension.", "description_kind": "markdown", "optional": true}, "repository_url": {"type": "string", "description": "Source repository URL.", "description_kind": "markdown", "optional": true}, "scan_status": {"type": "string", "description": "Malware scan result.", "description_kind": "markdown", "computed": true}, "source": {"type": "string", "description": "Extension source (always `custom` for this resource).", "description_kind": "markdown", "computed": true}, "updated_at": {"type": "string", "description": "Last update timestamp (RFC 3339).", "description_kind": "markdown", "computed": true}, "version": {"type": "string", "description": "Semantic version (e.g. `1.0.0`). Bump it together with the JAR to publish a new version.", "description_kind": "markdown", "required": true}}, "description": "Uploads a custom Keycloak extension JAR to the workspace catalog. Changing the JAR contents or `version` publishes a new version; other metadata updates in place. Install it on a cluster with `skycloak_cluster_extension`.", "description_kind": "markdown"}}, "skycloak_custom_theme": {"version": 0, "block": {"attributes": {"cluster_id": {"type": "string", "description": "Cluster ID. Immutable.", "description_kind": "markdown", "required": true}, "content_sha256": {"type": "string", "description": "SHA-256 of the uploaded file. Recomputed each plan; a change recreates the theme.", "description_kind": "markdown", "computed": true}, "deployed_at": {"type": "string", "description": "Last successful deployment timestamp (RFC 3339).", "description_kind": "markdown", "computed": true}, "description": {"type": "string", "description": "Theme description.", "description_kind": "markdown", "optional": true}, "file_size": {"type": "number", "description": "Size of the uploaded archive in bytes.", "description_kind": "markdown", "computed": true}, "id": {"type": "string", "description": "Theme ID.", "description_kind": "markdown", "computed": true}, "name": {"type": "string", "description": "Theme name.", "description_kind": "markdown", "required": true}, "source": {"type": "string", "description": "Path to the theme archive (`.zip` or `.jar`).", "description_kind": "markdown", "required": true}, "status": {"type": "string", "description": "Deployment status (`deployed`, `deploying`, `failed`, `undeploying`).", "description_kind": "markdown", "computed": true}, "theme_types": {"type": ["list", "string"], "description": "Subset of theme types to deploy (`login`, `account`, `admin`, `email`). Omit to deploy all detected types. Immutable.", "description_kind": "markdown", "optional": true}, "version": {"type": "string", "description": "Semantic version (e.g. `1.2.3`).", "description_kind": "markdown", "optional": true}}, "description": "Uploads a custom Keycloak theme (ZIP or Keycloakify JAR) to a cluster. Replacing the file contents or `theme_types` recreates the theme; `name`, `description`, and `version` update in place.", "description_kind": "markdown"}}, "skycloak_domain": {"version": 0, "block": {"attributes": {"cluster_id": {"type": "string", "description": "Cluster ID. Immutable.", "description_kind": "markdown", "required": true}, "cname_target": {"type": "string", "description": "CNAME target to point the domain at.", "description_kind": "markdown", "computed": true}, "created_at": {"type": "string", "description_kind": "plain", "computed": true}, "dns_records": {"nested_type": {"attributes": {"name": {"type": "string", "description_kind": "plain", "computed": true}, "type": {"type": "string", "description_kind": "plain", "computed": true}, "value": {"type": "string", "description_kind": "plain", "computed": true}}, "nesting_mode": "list"}, "description": "DNS records to create for verification/routing.", "description_kind": "markdown", "computed": true}, "domain": {"type": "string", "description": "Fully-qualified domain name. Immutable.", "description_kind": "markdown", "required": true}, "id": {"type": "string", "description": "Domain ID (UUID).", "description_kind": "markdown", "computed": true}, "is_active": {"type": "bool", "description": "Whether the domain is active.", "description_kind": "markdown", "computed": true}, "ssl_status": {"type": "string", "description": "SSL provisioning status.", "description_kind": "markdown", "computed": true}, "subdomain": {"type": "string", "description": "Optional subdomain. Immutable.", "description_kind": "markdown", "optional": true}, "updated_at": {"type": "string", "description_kind": "plain", "computed": true}, "verification_status": {"type": "string", "description": "DNS verification status.", "description_kind": "markdown", "computed": true}}, "description": "A custom domain on a Skycloak cluster. After apply, create the returned `dns_records` at your DNS provider; verification then completes out of band (refresh to observe `verification_status`).", "description_kind": "markdown"}}, "skycloak_domain_route": {"version": 0, "block": {"attributes": {"allow_admin_access": {"type": "bool", "description": "Allow admin console access through this route. Defaults to `false`.", "description_kind": "markdown", "optional": true, "computed": true}, "cluster_id": {"type": "string", "description": "Cluster ID. Immutable.", "description_kind": "markdown", "required": true}, "cors_allowed_origins": {"type": ["list", "string"], "description": "CORS allowed origins for this route.", "description_kind": "markdown", "optional": true, "computed": true}, "created_at": {"type": "string", "description_kind": "plain", "computed": true}, "domain_id": {"type": "string", "description": "Custom domain ID. Immutable.", "description_kind": "markdown", "required": true}, "hide_realm_path": {"type": "bool", "description": "Serve the realm at the domain root (hide `/realms/<name>`). Set at creation; immutable.", "description_kind": "markdown", "optional": true, "computed": true}, "id": {"type": "string", "description": "Route ID (UUID).", "description_kind": "markdown", "computed": true}, "realm": {"type": "string", "description": "Realm to route. Immutable.", "description_kind": "markdown", "required": true}, "updated_at": {"type": "string", "description_kind": "plain", "computed": true}}, "description": "Maps a realm onto a custom domain.", "description_kind": "markdown"}}, "skycloak_email_branding": {"version": 0, "block": {"attributes": {"cluster_id": {"type": "string", "description": "Cluster ID. Immutable.", "description_kind": "markdown", "required": true}, "company_url": {"type": "string", "description": "URL linked from the email footer.", "description_kind": "markdown", "optional": true}, "footer_company_name": {"type": "string", "description": "Company name shown in the email footer.", "description_kind": "markdown", "optional": true}, "footer_text": {"type": "string", "description": "Free-text shown in the email footer.", "description_kind": "markdown", "optional": true}, "header_logo_dark_url": {"type": "string", "description": "Logo URL for dark-background email clients.", "description_kind": "markdown", "optional": true}, "header_logo_light_url": {"type": "string", "description": "Logo URL for light-background email clients.", "description_kind": "markdown", "optional": true}, "id": {"type": "string", "description": "Composite ID `cluster_id/realm_name/email_branding`.", "description_kind": "markdown", "computed": true}, "internationalization": {"nested_type": {"attributes": {"default_locale": {"type": "string", "description": "Default locale (BCP 47 tag, e.g. `en`).", "description_kind": "markdown", "required": true}, "enabled": {"type": "bool", "description": "Whether internationalization is enabled.", "description_kind": "markdown", "required": true}, "supported_locales": {"type": ["list", "string"], "description": "Locales available to users. Must include `default_locale`.", "description_kind": "markdown", "required": true}}, "nesting_mode": "single"}, "description": "Email internationalization settings.", "description_kind": "markdown", "optional": true}, "primary_color": {"type": "string", "description": "Primary accent color (hex, e.g. `#0ea5e9`).", "description_kind": "markdown", "optional": true}, "realm_name": {"type": "string", "description": "Realm name. Immutable.", "description_kind": "markdown", "required": true}, "status": {"type": "string", "description": "Deployment status (`applied`, `applying`, `failed`).", "description_kind": "markdown", "computed": true}}, "description": "Email-template branding for a realm (a singleton; create == update upsert).", "description_kind": "markdown"}}, "skycloak_export": {"version": 0, "block": {"attributes": {"cluster_id": {"type": "string", "description": "Cluster ID. Immutable.", "description_kind": "markdown", "required": true}, "completed_at": {"type": "string", "description": "Completion timestamp (RFC 3339).", "description_kind": "markdown", "computed": true}, "created_at": {"type": "string", "description": "Creation timestamp (RFC 3339).", "description_kind": "markdown", "computed": true}, "download_url": {"type": "string", "description": "Time-limited presigned download URL. Expires; refresh to obtain a new one.", "description_kind": "markdown", "computed": true, "sensitive": true}, "encryption_password": {"type": "string", "description": "Password used to encrypt the archive (AES-256-CBC). Required when `include_credentials` is true. Write-only; never read back. Immutable.", "description_kind": "markdown", "optional": true, "sensitive": true}, "expires_at": {"type": "string", "description": "When the archive is deleted from storage (RFC 3339).", "description_kind": "markdown", "computed": true}, "file_size_bytes": {"type": "number", "description": "Size of the produced archive in bytes.", "description_kind": "markdown", "computed": true}, "format": {"type": "string", "description": "Export format: `pgdump` or `sql`. Immutable.", "description_kind": "markdown", "required": true}, "id": {"type": "string", "description": "Export job ID.", "description_kind": "markdown", "computed": true}, "include_credentials": {"type": "bool", "description": "Include the Keycloak `credential` and related tables. Requires `encryption_password`. Immutable.", "description_kind": "markdown", "optional": true, "computed": true}, "is_encrypted": {"type": "bool", "description": "Whether the archive is encrypted.", "description_kind": "markdown", "computed": true}, "progress": {"type": "number", "description": "Completion percentage (0-100).", "description_kind": "markdown", "computed": true}, "sha256_checksum": {"type": "string", "description": "SHA-256 checksum of the archive (hex).", "description_kind": "markdown", "computed": true}, "status": {"type": "string", "description": "Job status (`pending`, `processing`, `completed`, `failed`).", "description_kind": "markdown", "computed": true}}, "description": "A one-shot database export job for a cluster. Creating the resource starts the export and waits for it to finish. The archive expires; recreate the resource to produce a fresh export.", "description_kind": "markdown"}}, "skycloak_identity_provider": {"version": 0, "block": {"attributes": {"client_id": {"type": "string", "description": "Upstream client/application ID.", "description_kind": "markdown", "optional": true}, "client_secret": {"type": "string", "description": "Upstream client secret. Write-only; never read back.", "description_kind": "markdown", "optional": true, "sensitive": true}, "cluster_id": {"type": "string", "description": "Cluster ID. Immutable.", "description_kind": "markdown", "required": true}, "config": {"nested_type": {"attributes": {"attribute_mappings": {"type": ["map", "string"], "description": "Keycloak attribute \u2192 IdP claim mappings.", "description_kind": "markdown", "optional": true, "computed": true}, "button_text": {"type": "string", "description": "Login button label.", "description_kind": "markdown", "optional": true, "computed": true}, "icon_url": {"type": "string", "description": "Login button icon URL.", "description_kind": "markdown", "optional": true, "computed": true}, "ldap": {"nested_type": {"attributes": {"base_dn": {"type": "string", "description": "Base DN.", "description_kind": "markdown", "optional": true, "computed": true}, "bind_dn": {"type": "string", "description": "Bind DN.", "description_kind": "markdown", "optional": true, "computed": true}, "server_url": {"type": "string", "description": "LDAP server URL.", "description_kind": "markdown", "optional": true, "computed": true}}, "nesting_mode": "single"}, "description": "LDAP settings (when `type` is `ldap`).", "description_kind": "markdown", "optional": true}, "oidc": {"nested_type": {"attributes": {"authorization_url": {"type": "string", "description": "Authorization endpoint URL.", "description_kind": "markdown", "optional": true, "computed": true}, "issuer": {"type": "string", "description": "Issuer URL.", "description_kind": "markdown", "optional": true, "computed": true}, "logout_url": {"type": "string", "description": "Logout endpoint URL.", "description_kind": "markdown", "optional": true, "computed": true}, "token_url": {"type": "string", "description": "Token endpoint URL.", "description_kind": "markdown", "optional": true, "computed": true}, "userinfo_url": {"type": "string", "description": "Userinfo endpoint URL.", "description_kind": "markdown", "optional": true, "computed": true}}, "nesting_mode": "single"}, "description": "OIDC endpoints (when `type` is `oidc`).", "description_kind": "markdown", "optional": true}, "saml": {"nested_type": {"attributes": {"entity_id": {"type": "string", "description": "IdP entity ID.", "description_kind": "markdown", "optional": true, "computed": true}, "metadata_url": {"type": "string", "description": "IdP metadata URL.", "description_kind": "markdown", "optional": true, "computed": true}, "metadata_xml": {"type": "string", "description": "IdP metadata XML.", "description_kind": "markdown", "optional": true, "computed": true}, "sso_url": {"type": "string", "description": "Single sign-on service URL.", "description_kind": "markdown", "optional": true, "computed": true}}, "nesting_mode": "single"}, "description": "SAML settings (when `type` is `saml`).", "description_kind": "markdown", "optional": true}, "sync_mode": {"type": "string", "description": "User profile sync mode (`IMPORT`, `LEGACY`, `FORCE`).", "description_kind": "markdown", "optional": true, "computed": true}, "trust_email": {"type": "bool", "description": "Trust email addresses from this provider.", "description_kind": "markdown", "optional": true, "computed": true}}, "nesting_mode": "single"}, "description": "Provider configuration.", "description_kind": "markdown", "required": true}, "created_at": {"type": "string", "description": "Creation timestamp.", "description_kind": "markdown", "computed": true}, "display_name": {"type": "string", "description": "Display name shown on the login page.", "description_kind": "markdown", "optional": true, "computed": true}, "enabled": {"type": "bool", "description": "Whether the provider is enabled. Defaults to `true`.", "description_kind": "markdown", "optional": true, "computed": true}, "externally_managed": {"type": "bool", "description": "True if the provider is managed outside Skycloak; such providers reject updates and deletes.", "description_kind": "markdown", "computed": true}, "id": {"type": "string", "description": "Composite ID `cluster_id/realm_name/provider_id`.", "description_kind": "markdown", "computed": true}, "provider_id": {"type": "string", "description": "Unique provider alias within the realm. Immutable.", "description_kind": "markdown", "required": true}, "realm_name": {"type": "string", "description": "Realm name. Immutable.", "description_kind": "markdown", "required": true}, "type": {"type": "string", "description": "Provider kind: `oidc`, `saml`, or `ldap`. Immutable.", "description_kind": "markdown", "required": true}, "updated_at": {"type": "string", "description": "Last update timestamp.", "description_kind": "markdown", "computed": true}}, "description": "An identity provider (SSO connection) in a Skycloak realm.", "description_kind": "markdown"}}, "skycloak_login_branding": {"version": 0, "block": {"attributes": {"background_color": {"type": "string", "description": "Login page background color (hex).", "description_kind": "markdown", "optional": true}, "cluster_id": {"type": "string", "description": "Cluster ID. Immutable.", "description_kind": "markdown", "required": true}, "favicon_url": {"type": "string", "description": "URL of the browser favicon.", "description_kind": "markdown", "optional": true}, "font_url": {"type": "string", "description": "URL of a custom web font.", "description_kind": "markdown", "optional": true}, "forgot_password_enabled": {"type": "bool", "description": "Defaults to the API's value when unset.", "description_kind": "markdown", "optional": true, "computed": true}, "id": {"type": "string", "description": "Composite ID `cluster_id/realm_name/login_branding`.", "description_kind": "markdown", "computed": true}, "internationalization": {"nested_type": {"attributes": {"default_locale": {"type": "string", "description": "Default locale (BCP 47 tag, e.g. `en`).", "description_kind": "markdown", "required": true}, "enabled": {"type": "bool", "description": "Whether internationalization is enabled.", "description_kind": "markdown", "required": true}, "language_selection_mode": {"type": "string", "description": "`automatic_only`, `automatic_with_selector`, `hide_selector`, or `selector_only`.", "description_kind": "markdown", "required": true}, "language_selector_position": {"type": "string", "description": "`form_inside_header`, `form_inside_left`, `top_left`, `top_middle`, or `top_right`.", "description_kind": "markdown", "required": true}, "language_selector_style": {"type": "string", "description": "`dropdown`, `flags`, or `text_labels`.", "description_kind": "markdown", "required": true}, "supported_locales": {"type": ["list", "string"], "description": "Locales available to users. Must include `default_locale`.", "description_kind": "markdown", "required": true}}, "nesting_mode": "single"}, "description": "Login page internationalization settings.", "description_kind": "markdown", "optional": true}, "logo_url": {"type": "string", "description": "URL of the logo displayed on the login page.", "description_kind": "markdown", "optional": true}, "primary_color": {"type": "string", "description": "Primary accent color applied to buttons (hex, e.g. `#0ea5e9`).", "description_kind": "markdown", "optional": true}, "privacy_policy_url": {"type": "string", "description": "URL of the privacy policy linked in the footer.", "description_kind": "markdown", "optional": true}, "realm_name": {"type": "string", "description": "Realm name. Immutable.", "description_kind": "markdown", "required": true}, "registration_enabled": {"type": "bool", "description": "Defaults to the API's value when unset.", "description_kind": "markdown", "optional": true, "computed": true}, "remember_me_enabled": {"type": "bool", "description": "Defaults to the API's value when unset.", "description_kind": "markdown", "optional": true, "computed": true}, "show_powered_by": {"type": "bool", "description": "Defaults to the API's value when unset.", "description_kind": "markdown", "optional": true, "computed": true}, "sso": {"nested_type": {"attributes": {"button_size": {"type": "string", "description": "`small`, `medium`, or `large`.", "description_kind": "markdown", "required": true}, "display_style": {"type": "string", "description": "`logo_only`, `logo_with_text`, or `text_only`.", "description_kind": "markdown", "required": true}, "enabled": {"type": "bool", "description": "Show identity provider buttons on the login page.", "description_kind": "markdown", "required": true}, "layout": {"type": "string", "description": "`horizontal` or `vertical`.", "description_kind": "markdown", "required": true}}, "nesting_mode": "single"}, "description": "Identity-provider button display on the login page.", "description_kind": "markdown", "optional": true}, "status": {"type": "string", "description": "Deployment status (`applied`, `applying`, `failed`).", "description_kind": "markdown", "computed": true}, "terms_of_service_url": {"type": "string", "description": "URL of the terms of service linked in the footer.", "description_kind": "markdown", "optional": true}}, "description": "Login-page branding for a realm (a singleton; create == update upsert).", "description_kind": "markdown"}}, "skycloak_realm": {"version": 0, "block": {"attributes": {"cluster_id": {"type": "string", "description": "ID of the cluster the realm belongs to. Immutable.", "description_kind": "markdown", "required": true}, "created_at": {"type": "string", "description": "Creation timestamp.", "description_kind": "markdown", "computed": true}, "display_name": {"type": "string", "description": "Human-readable realm display name.", "description_kind": "markdown", "optional": true, "computed": true}, "duplicate_emails_allowed": {"type": "bool", "description": "Allow duplicate emails across users. Defaults to `false`.", "description_kind": "markdown", "optional": true, "computed": true}, "enabled": {"type": "bool", "description": "Whether the realm is enabled. Defaults to `true`.", "description_kind": "markdown", "optional": true, "computed": true}, "id": {"type": "string", "description": "Composite ID `cluster_id/name`.", "description_kind": "markdown", "computed": true}, "login_with_email_allowed": {"type": "bool", "description": "Allow login with email. Defaults to `false`.", "description_kind": "markdown", "optional": true, "computed": true}, "name": {"type": "string", "description": "Realm name (the Keycloak realm key). Immutable.", "description_kind": "markdown", "required": true}, "registration_allowed": {"type": "bool", "description": "Allow self-registration. Defaults to `false`.", "description_kind": "markdown", "optional": true, "computed": true}, "registration_email_as_username": {"type": "bool", "description": "Use email as username on registration. Defaults to `false`.", "description_kind": "markdown", "optional": true, "computed": true}, "ssl_required": {"type": "string", "description": "SSL requirement: `external`, `all`, or `none`. Defaults to `external`.", "description_kind": "markdown", "optional": true, "computed": true}}, "description": "A Keycloak realm within a Skycloak cluster.", "description_kind": "markdown"}}, "skycloak_realm_export": {"version": 0, "block": {"attributes": {"cluster_id": {"type": "string", "description": "Cluster ID. Immutable.", "description_kind": "markdown", "required": true}, "completed_at": {"type": "string", "description": "Completion timestamp (RFC 3339).", "description_kind": "markdown", "computed": true}, "created_at": {"type": "string", "description": "Creation timestamp (RFC 3339).", "description_kind": "markdown", "computed": true}, "download_url": {"type": "string", "description": "Time-limited presigned download URL. Null once the archive has expired.", "description_kind": "markdown", "computed": true, "sensitive": true}, "encryption_password": {"type": "string", "description": "Password used to encrypt the archive (AES-256-CBC, PBKDF2), 8-128 characters. Required: every realm export contains credentials. Write-only; never read back, so an imported resource plans a replacement until it is set. Immutable.", "description_kind": "markdown", "required": true, "sensitive": true}, "expires_at": {"type": "string", "description": "When the archive is deleted from storage, 24h after completion (RFC 3339).", "description_kind": "markdown", "computed": true}, "id": {"type": "string", "description": "Realm export job ID.", "description_kind": "markdown", "computed": true}, "progress": {"type": "number", "description": "Completion percentage (0-100).", "description_kind": "markdown", "computed": true}, "realm": {"type": "string", "description": "Name of the realm to export. Immutable.", "description_kind": "markdown", "required": true}, "scope": {"type": "string", "description": "Export scope. Only `full` is currently supported. Immutable.", "description_kind": "markdown", "optional": true, "computed": true}, "sha256_checksum": {"type": "string", "description": "SHA-256 checksum of the encrypted archive (hex).", "description_kind": "markdown", "computed": true}, "source_version": {"type": "string", "description": "Keycloak version that produced the export. An import target must run this version or newer.", "description_kind": "markdown", "computed": true}, "status": {"type": "string", "description": "Job status (`pending`, `processing`, `completed`, `failed`).", "description_kind": "markdown", "computed": true}}, "description": "A one-shot export of a single realm (configuration, users, and credentials). Creating the resource starts the export and waits for it to finish. The archive is always encrypted and Skycloak deletes it 24 hours after completion, so `download_url` becomes null once `expires_at` has passed \u2014 recreate the resource to produce a fresh export.", "description_kind": "markdown"}}, "skycloak_realm_group": {"version": 0, "block": {"attributes": {"cluster_id": {"type": "string", "description": "Cluster ID. Immutable.", "description_kind": "markdown", "required": true}, "id": {"type": "string", "description": "Group ID.", "description_kind": "markdown", "computed": true}, "name": {"type": "string", "description": "Group name (leaf segment of the path).", "description_kind": "markdown", "required": true}, "parent_id": {"type": "string", "description": "Parent group ID for a nested group. Immutable.", "description_kind": "markdown", "optional": true}, "path": {"type": "string", "description": "Canonical group path.", "description_kind": "markdown", "computed": true}, "realm_name": {"type": "string", "description": "Realm name. Immutable.", "description_kind": "markdown", "required": true}}, "description": "A realm group. Add users with `skycloak_realm_group_membership`.", "description_kind": "markdown"}}, "skycloak_realm_group_membership": {"version": 0, "block": {"attributes": {"cluster_id": {"type": "string", "description": "Cluster ID. Immutable.", "description_kind": "markdown", "required": true}, "group_id": {"type": "string", "description": "Group ID. Immutable.", "description_kind": "markdown", "required": true}, "id": {"type": "string", "description_kind": "plain", "computed": true}, "realm_name": {"type": "string", "description": "Realm name. Immutable.", "description_kind": "markdown", "required": true}, "user_id": {"type": "string", "description": "User ID. Immutable.", "description_kind": "markdown", "required": true}}, "description": "Adds a user to a realm group. One resource per (user, group) edge.", "description_kind": "markdown"}}, "skycloak_realm_import": {"version": 0, "block": {"attributes": {"cluster_id": {"type": "string", "description": "Target cluster ID. Immutable.", "description_kind": "markdown", "required": true}, "completed_at": {"type": "string", "description": "Completion timestamp (RFC 3339).", "description_kind": "markdown", "computed": true}, "created_at": {"type": "string", "description": "Creation timestamp (RFC 3339).", "description_kind": "markdown", "computed": true}, "id": {"type": "string", "description": "Realm import job ID.", "description_kind": "markdown", "computed": true}, "password": {"type": "string", "description": "Password that decrypts the artifact. Required for an encrypted archive (anything produced by `skycloak_realm_export`); omit only for a bare foreign realm JSON. Write-only; never read back. Immutable.", "description_kind": "markdown", "optional": true, "sensitive": true}, "progress": {"type": "number", "description": "Completion percentage (0-100).", "description_kind": "markdown", "computed": true}, "realm": {"type": "string", "description": "Name of the imported realm, derived from the artifact.", "description_kind": "markdown", "computed": true}, "source_export_id": {"type": "string", "description": "ID of a stored `skycloak_realm_export` to import from. Required when `source_kind` is `stored`. Immutable.", "description_kind": "markdown", "optional": true}, "source_file": {"type": "string", "description": "Path to a local realm artifact to upload. Required when `source_kind` is `upload`. Immutable.", "description_kind": "markdown", "optional": true}, "source_file_sha256": {"type": "string", "description": "SHA-256 of `source_file`, tracked so a change to the file's bytes forces a new import even when the path is unchanged.", "description_kind": "markdown", "computed": true}, "source_kind": {"type": "string", "description": "Where the artifact comes from: `upload` (default, uses `source_file`) or `stored` (uses `source_export_id`). Immutable.", "description_kind": "markdown", "optional": true, "computed": true}, "source_version": {"type": "string", "description": "Keycloak version that produced the artifact.", "description_kind": "markdown", "computed": true}, "status": {"type": "string", "description": "Job status (`pending`, `processing`, `completed`, `failed`).", "description_kind": "markdown", "computed": true}, "target_version": {"type": "string", "description": "Target cluster's Keycloak version at import time.", "description_kind": "markdown", "computed": true}}, "description": "Imports a realm (configuration, users, and credentials) into a cluster. Creating the resource starts the import and waits for it to finish. The resource tracks the import *job*, not the resulting realm: destroying it removes the job from state and leaves the imported realm in place. Preflight validates the target Keycloak version, refuses a realm-name collision, and blocks on missing password-hash providers.", "description_kind": "markdown"}}, "skycloak_realm_role": {"version": 0, "block": {"attributes": {"client_role": {"type": "bool", "description": "Whether this is a client-scoped role.", "description_kind": "markdown", "computed": true}, "cluster_id": {"type": "string", "description": "Cluster ID. Immutable.", "description_kind": "markdown", "required": true}, "composite": {"type": "bool", "description": "Whether this role is composed from other roles.", "description_kind": "markdown", "computed": true}, "description": {"type": "string", "description": "Human-friendly role description.", "description_kind": "markdown", "optional": true}, "id": {"type": "string", "description": "Composite ID `cluster_id/realm_name/role_name`.", "description_kind": "markdown", "computed": true}, "name": {"type": "string", "description": "Role name. Immutable (renaming recreates the role).", "description_kind": "markdown", "required": true}, "realm_name": {"type": "string", "description": "Realm name. Immutable.", "description_kind": "markdown", "required": true}}, "description": "A realm-scoped role. Assign it to users with `skycloak_realm_user_role_assignment`.", "description_kind": "markdown"}}, "skycloak_realm_user": {"version": 0, "block": {"attributes": {"cluster_id": {"type": "string", "description": "Cluster ID. Immutable.", "description_kind": "markdown", "required": true}, "created_at": {"type": "string", "description": "Creation timestamp (RFC 3339).", "description_kind": "markdown", "computed": true}, "email": {"type": "string", "description": "Email address.", "description_kind": "markdown", "required": true}, "email_verified": {"type": "bool", "description": "Whether the email address is verified. Defaults to `false`.", "description_kind": "markdown", "optional": true, "computed": true}, "enabled": {"type": "bool", "description": "Whether the user can sign in. Defaults to `true`.", "description_kind": "markdown", "optional": true, "computed": true}, "first_name": {"type": "string", "description": "First name.", "description_kind": "markdown", "optional": true}, "id": {"type": "string", "description": "User ID.", "description_kind": "markdown", "computed": true}, "last_login_at": {"type": "string", "description": "Most recent sign-in (RFC 3339).", "description_kind": "markdown", "computed": true}, "last_name": {"type": "string", "description": "Last name.", "description_kind": "markdown", "optional": true}, "realm_name": {"type": "string", "description": "Realm name. Immutable.", "description_kind": "markdown", "required": true}, "temporary_password": {"type": "string", "description": "Initial password (min 8 chars). Write-only; changing it recreates the user (there is no password-update endpoint).", "description_kind": "markdown", "required": true, "sensitive": true}, "username": {"type": "string", "description": "Username. Immutable.", "description_kind": "markdown", "required": true}}, "description": "A realm user. Grant roles with `skycloak_realm_user_role_assignment` and group membership with `skycloak_realm_group_membership`.", "description_kind": "markdown"}}, "skycloak_realm_user_role_assignment": {"version": 0, "block": {"attributes": {"cluster_id": {"type": "string", "description": "Cluster ID. Immutable.", "description_kind": "markdown", "required": true}, "id": {"type": "string", "description_kind": "plain", "computed": true}, "realm_name": {"type": "string", "description": "Realm name. Immutable.", "description_kind": "markdown", "required": true}, "role_name": {"type": "string", "description": "Realm role name. Immutable.", "description_kind": "markdown", "required": true}, "user_id": {"type": "string", "description": "User ID. Immutable.", "description_kind": "markdown", "required": true}}, "description": "Assigns a single realm role to a user. One resource per (user, role) edge.", "description_kind": "markdown"}}, "skycloak_siem_destination": {"version": 0, "block": {"attributes": {"batch": {"nested_type": {"attributes": {"max_events": {"type": "number", "description": "Flush after this many events. Defaults to `1000`.", "description_kind": "markdown", "optional": true, "computed": true}, "max_interval_seconds": {"type": "number", "description": "Flush at least this often. Defaults to `60`.", "description_kind": "markdown", "optional": true, "computed": true}}, "nesting_mode": "single"}, "description": "Batching tuning. Defaults to the API contract values (1000 events, 60 seconds) so an omitted block plans exactly what the server applies.", "description_kind": "markdown", "optional": true, "computed": true}, "created_at": {"type": "string", "description_kind": "plain", "computed": true}, "enabled": {"type": "bool", "description": "Whether forwarding is active. Defaults to `true`.", "description_kind": "markdown", "optional": true, "computed": true}, "failure_count": {"type": "number", "description": "Consecutive delivery failures.", "description_kind": "markdown", "computed": true}, "health_status": {"type": "string", "description": "`healthy`, `degraded`, or `failed`.", "description_kind": "markdown", "computed": true}, "http": {"nested_type": {"attributes": {"auth_type": {"type": "string", "description": "`basic`, `bearer`, or `none`.", "description_kind": "markdown", "required": true}, "bearer_token": {"type": "string", "description": "Bearer token (when `auth_type` is `bearer`). Write-only.", "description_kind": "markdown", "optional": true, "sensitive": true}, "has_auth_credentials": {"type": "bool", "description": "Whether auth credentials are stored.", "description_kind": "markdown", "computed": true}, "headers": {"type": ["map", "string"], "description": "Extra HTTP headers. Values are write-only; reads return header names only.", "description_kind": "markdown", "optional": true, "sensitive": true}, "password": {"type": "string", "description": "Password (when `auth_type` is `basic`). Write-only.", "description_kind": "markdown", "optional": true, "sensitive": true}, "url": {"type": "string", "description": "Collector endpoint URL.", "description_kind": "markdown", "required": true}, "username": {"type": "string", "description": "Username (when `auth_type` is `basic`).", "description_kind": "markdown", "optional": true}}, "nesting_mode": "single"}, "description": "HTTP destination config (when `type` is `http`).", "description_kind": "markdown", "optional": true}, "id": {"type": "string", "description": "Destination ID (UUID).", "description_kind": "markdown", "computed": true}, "last_error": {"type": "string", "description": "Most recent delivery error.", "description_kind": "markdown", "computed": true}, "last_sent_at": {"type": "string", "description": "Last successful delivery.", "description_kind": "markdown", "computed": true}, "name": {"type": "string", "description": "Destination name.", "description_kind": "markdown", "required": true}, "s3": {"nested_type": {"attributes": {"access_key_id": {"type": "string", "description": "Access key ID (when `auth_type` is `access_key`). Write-only.", "description_kind": "markdown", "optional": true, "sensitive": true}, "auth_type": {"type": "string", "description": "`access_key`, `assume_role`, `iam_role`, or `irsa`.", "description_kind": "markdown", "required": true}, "bucket": {"type": "string", "description": "Bucket name.", "description_kind": "markdown", "required": true}, "external_id": {"type": "string", "description": "External ID for role assumption.", "description_kind": "markdown", "optional": true}, "has_access_key_secret": {"type": "bool", "description": "Whether a secret access key is stored.", "description_kind": "markdown", "computed": true}, "prefix": {"type": "string", "description": "Object key prefix.", "description_kind": "markdown", "optional": true}, "region": {"type": "string", "description": "Bucket region.", "description_kind": "markdown", "required": true}, "role_arn": {"type": "string", "description": "Role ARN (when `auth_type` is `assume_role`).", "description_kind": "markdown", "optional": true}, "secret_access_key": {"type": "string", "description": "Secret access key (when `auth_type` is `access_key`). Write-only.", "description_kind": "markdown", "optional": true, "sensitive": true}}, "nesting_mode": "single"}, "description": "S3 destination config (when `type` is `s3`).", "description_kind": "markdown", "optional": true}, "source": {"nested_type": {"attributes": {"cluster_ids": {"type": ["list", "string"], "description": "Cluster IDs to include. Omit for all clusters.", "description_kind": "markdown", "optional": true}, "keycloak_event_types": {"type": ["list", "string"], "description": "Keycloak event type codes. Required when `type` is `keycloak_events`.", "description_kind": "markdown", "optional": true}, "realms": {"type": ["list", "string"], "description": "Realm names to include. Omit for all realms.", "description_kind": "markdown", "optional": true}, "type": {"type": "string", "description": "Stream: `application_logs`, `keycloak_events`, `security_logs`, or `skycloak_audit`.", "description_kind": "markdown", "required": true}}, "nesting_mode": "single"}, "description": "Which workspace data stream is forwarded.", "description_kind": "markdown", "required": true}, "syslog": {"nested_type": {"attributes": {"format": {"type": "string", "description": "`rfc5424`, `cef`, `leef`, or `json`.", "description_kind": "markdown", "required": true}, "host": {"type": "string", "description": "Syslog server hostname or IP.", "description_kind": "markdown", "required": true}, "port": {"type": "number", "description": "Syslog server port.", "description_kind": "markdown", "required": true}, "protocol": {"type": "string", "description": "`tcp`, `tls`, or `udp`.", "description_kind": "markdown", "required": true}}, "nesting_mode": "single"}, "description": "Syslog destination config (when `type` is `syslog`).", "description_kind": "markdown", "optional": true}, "total_bytes_sent": {"type": "number", "description_kind": "plain", "computed": true}, "total_events_sent": {"type": "number", "description_kind": "plain", "computed": true}, "total_logs_sent": {"type": "number", "description_kind": "plain", "computed": true}, "type": {"type": "string", "description": "Destination type: `syslog`, `s3`, or `http`. Immutable.", "description_kind": "markdown", "required": true}, "updated_at": {"type": "string", "description_kind": "plain", "computed": true}}, "description": "A SIEM forwarding destination for the workspace (syslog, S3, or HTTP). SIEM forwarding is plan-gated; the API rejects the calls on plans without it. Secret fields are write-only: the API never returns them, reads report `has_*` booleans instead, and Terraform keeps the configured values in state.", "description_kind": "markdown"}}, "skycloak_smtp": {"version": 0, "block": {"attributes": {"auth_type": {"type": "string", "description": "Authentication type: `basic` or `oauth2`.", "description_kind": "markdown", "required": true}, "client_id": {"type": "string", "description": "OAuth 2.0 client ID (when `auth_type` is `oauth2`).", "description_kind": "markdown", "optional": true}, "client_secret": {"type": "string", "description": "OAuth 2.0 client secret. Write-only; never read back. Omit to retain the stored value.", "description_kind": "markdown", "optional": true, "sensitive": true}, "cluster_id": {"type": "string", "description": "Cluster ID. Immutable.", "description_kind": "markdown", "required": true}, "encryption": {"type": "string", "description": "Encryption mode: `none`, `ssl`, or `starttls`. Defaults to `none`.", "description_kind": "markdown", "optional": true, "computed": true}, "from_email": {"type": "string", "description": "Sender email address.", "description_kind": "markdown", "required": true}, "from_name": {"type": "string", "description": "Sender display name.", "description_kind": "markdown", "optional": true}, "has_client_secret": {"type": "bool", "description": "Whether a client secret is stored.", "description_kind": "markdown", "computed": true}, "has_password": {"type": "bool", "description": "Whether a password is stored.", "description_kind": "markdown", "computed": true}, "host": {"type": "string", "description": "SMTP server hostname or IP.", "description_kind": "markdown", "required": true}, "id": {"type": "string", "description": "Composite ID `cluster_id/realm_name/smtp`.", "description_kind": "markdown", "computed": true}, "password": {"type": "string", "description": "SMTP password (when `auth_type` is `basic`). Write-only; never read back. Omit to retain the stored value.", "description_kind": "markdown", "optional": true, "sensitive": true}, "port": {"type": "number", "description": "SMTP server port (1-65535), e.g. 587.", "description_kind": "markdown", "required": true}, "realm_name": {"type": "string", "description": "Realm name. Immutable.", "description_kind": "markdown", "required": true}, "status": {"type": "string", "description": "Configuration status (`configured`, `verified`, `failed`).", "description_kind": "markdown", "computed": true}, "token_scope": {"type": "string", "description": "OAuth 2.0 token scope (when `auth_type` is `oauth2`).", "description_kind": "markdown", "optional": true}, "token_url": {"type": "string", "description": "OAuth 2.0 token endpoint (when `auth_type` is `oauth2`).", "description_kind": "markdown", "optional": true}, "username": {"type": "string", "description": "SMTP username (when `auth_type` is `basic`).", "description_kind": "markdown", "optional": true}}, "description": "SMTP configuration for a realm (a singleton; create == update upsert).", "description_kind": "markdown"}}, "skycloak_theme_assignment": {"version": 0, "block": {"attributes": {"account": {"type": "string", "description": "Custom theme ID to activate for the account console. Omit to use Keycloak's built-in default.", "description_kind": "markdown", "optional": true}, "admin": {"type": "string", "description": "Custom theme ID to activate for the admin console. Omit to use Keycloak's built-in default.", "description_kind": "markdown", "optional": true}, "cluster_id": {"type": "string", "description": "Cluster ID. Immutable.", "description_kind": "markdown", "required": true}, "email": {"type": "string", "description": "Custom theme ID to activate for the email templates. Omit to use Keycloak's built-in default.", "description_kind": "markdown", "optional": true}, "id": {"type": "string", "description": "Composite ID `cluster_id/realm_name/theme_assignment`.", "description_kind": "markdown", "computed": true}, "login": {"type": "string", "description": "Custom theme ID to activate for the login page. Omit to use Keycloak's built-in default.", "description_kind": "markdown", "optional": true}, "realm_name": {"type": "string", "description": "Realm name. Immutable.", "description_kind": "markdown", "required": true}}, "description": "Realm-level custom theme assignment per Keycloak theme type. A singleton per realm; managing this resource asserts the full assignment.", "description_kind": "markdown"}}, "skycloak_webhook_subscription": {"version": 0, "block": {"attributes": {"authorization_header": {"type": "string", "description": "Authorization header value sent with each delivery. Write-only; omit to retain the stored value.", "description_kind": "markdown", "optional": true, "sensitive": true}, "cluster_id": {"type": "string", "description": "Scope deliveries to one cluster. Omit for all clusters.", "description_kind": "markdown", "optional": true}, "created_at": {"type": "string", "description_kind": "plain", "computed": true}, "enabled": {"type": "bool", "description": "Whether deliveries are active. Defaults to `true`.", "description_kind": "markdown", "optional": true, "computed": true}, "event_types": {"type": ["list", "string"], "description": "Event types to deliver. See the `skycloak_webhook_event_types` data source for the catalog.", "description_kind": "markdown", "required": true}, "has_authorization_header": {"type": "bool", "description": "Whether an authorization header is stored.", "description_kind": "markdown", "computed": true}, "has_signing_secret": {"type": "bool", "description": "Whether a signing secret is stored.", "description_kind": "markdown", "computed": true}, "id": {"type": "string", "description": "Subscription ID (UUID).", "description_kind": "markdown", "computed": true}, "name": {"type": "string", "description": "Subscription name.", "description_kind": "markdown", "required": true}, "realm_id": {"type": "string", "description": "Scope deliveries to one Keycloak realm ID (UUID).", "description_kind": "markdown", "optional": true}, "signing_secret": {"type": "string", "description": "HMAC secret used to sign deliveries, 32 to 512 characters. Write-only; never read back.", "description_kind": "markdown", "required": true, "sensitive": true}, "source": {"type": "string", "description": "Event source: `keycloak` or `platform`.", "description_kind": "markdown", "required": true}, "updated_at": {"type": "string", "description_kind": "plain", "computed": true}, "url": {"type": "string", "description": "HTTPS endpoint receiving deliveries.", "description_kind": "markdown", "required": true}}, "description": "A webhook subscription delivering workspace events to an HTTPS endpoint. `signing_secret` and `authorization_header` are write-only: the API never returns them and reads report `has_*` booleans instead.", "description_kind": "markdown"}}}, "data_source_schemas": {"skycloak_application_roles": {"version": 0, "block": {"attributes": {"client_id": {"type": "string", "description": "Application client ID.", "description_kind": "markdown", "required": true}, "cluster_id": {"type": "string", "description": "Cluster ID.", "description_kind": "markdown", "required": true}, "realm_name": {"type": "string", "description": "Realm name.", "description_kind": "markdown", "required": true}, "roles": {"nested_type": {"attributes": {"client_role": {"type": "bool", "description": "Whether the role is a client role.", "description_kind": "markdown", "computed": true}, "composite": {"type": "bool", "description": "Whether the role is composite.", "description_kind": "markdown", "computed": true}, "description": {"type": "string", "description": "Role description.", "description_kind": "markdown", "computed": true}, "name": {"type": "string", "description": "Role name.", "description_kind": "markdown", "computed": true}}, "nesting_mode": "list"}, "description_kind": "plain", "computed": true}}, "description": "Roles assigned to an application's service account.", "description_kind": "markdown"}}, "skycloak_application_sessions": {"version": 0, "block": {"attributes": {"client_id": {"type": "string", "description": "Application client ID.", "description_kind": "markdown", "required": true}, "cluster_id": {"type": "string", "description": "Cluster ID.", "description_kind": "markdown", "required": true}, "realm_name": {"type": "string", "description": "Realm name.", "description_kind": "markdown", "required": true}, "sessions": {"nested_type": {"attributes": {"email": {"type": "string", "description": "User email.", "description_kind": "markdown", "computed": true}, "id": {"type": "string", "description": "Session ID.", "description_kind": "markdown", "computed": true}, "ip_address": {"type": "string", "description": "Originating IP address.", "description_kind": "markdown", "computed": true}, "last_access_at": {"type": "string", "description": "Last activity (RFC 3339).", "description_kind": "markdown", "computed": true}, "started_at": {"type": "string", "description": "Session start (RFC 3339).", "description_kind": "markdown", "computed": true}, "user_id": {"type": "string", "description": "User ID.", "description_kind": "markdown", "computed": true}, "username": {"type": "string", "description": "Username.", "description_kind": "markdown", "computed": true}}, "nesting_mode": "list"}, "description_kind": "plain", "computed": true}}, "description": "Active user sessions for an application.", "description_kind": "markdown"}}, "skycloak_cluster": {"version": 0, "block": {"attributes": {"auto_upgrade_enabled": {"type": "bool", "description": "Whether automatic patch upgrades are enabled.", "description_kind": "markdown", "computed": true}, "id": {"type": "string", "description": "Cluster ID (UUID).", "description_kind": "markdown", "required": true}, "location": {"type": "string", "description": "Region.", "description_kind": "markdown", "computed": true}, "name": {"type": "string", "description": "Cluster name.", "description_kind": "markdown", "computed": true}, "size": {"type": "string", "description": "Instance size.", "description_kind": "markdown", "computed": true}, "status": {"type": "string", "description": "Lifecycle status.", "description_kind": "markdown", "computed": true}, "type": {"type": "string", "description": "Cluster type.", "description_kind": "markdown", "computed": true}, "url": {"type": "string", "description": "Cluster base URL.", "description_kind": "markdown", "computed": true}, "version": {"type": "string", "description": "Keycloak version.", "description_kind": "markdown", "computed": true}}, "description": "Look up an existing Skycloak cluster by ID.", "description_kind": "markdown"}}, "skycloak_cluster_credentials": {"version": 0, "block": {"attributes": {"client_id": {"type": "string", "description": "Client ID of the cluster's automation service account.", "description_kind": "markdown", "computed": true}, "client_secret": {"type": "string", "description": "Client secret for the automation service account.", "description_kind": "markdown", "computed": true, "sensitive": true}, "cluster_id": {"type": "string", "description": "Cluster ID.", "description_kind": "markdown", "required": true}, "token_url": {"type": "string", "description": "Token endpoint URL (master realm) for the client_credentials grant.", "description_kind": "markdown", "computed": true}}, "description": "The cluster automation service account credentials for the OAuth2 client_credentials grant.", "description_kind": "markdown"}}, "skycloak_cluster_events": {"version": 0, "block": {"attributes": {"category": {"type": "string", "description": "Filter by event category (`user`, `admin`).", "description_kind": "markdown", "optional": true}, "cluster_id": {"type": "string", "description": "Cluster ID.", "description_kind": "markdown", "required": true}, "events": {"nested_type": {"attributes": {"category": {"type": "string", "description": "Event category.", "description_kind": "markdown", "computed": true}, "client_id": {"type": "string", "description": "Client ID.", "description_kind": "markdown", "computed": true}, "error": {"type": "string", "description": "Error code for failed events.", "description_kind": "markdown", "computed": true}, "ip_address": {"type": "string", "description": "Client IP.", "description_kind": "markdown", "computed": true}, "realm_name": {"type": "string", "description": "Realm name.", "description_kind": "markdown", "computed": true}, "timestamp": {"type": "string", "description": "Event time (RFC 3339).", "description_kind": "markdown", "computed": true}, "type": {"type": "string", "description": "Event type.", "description_kind": "markdown", "computed": true}, "username": {"type": "string", "description": "Username.", "description_kind": "markdown", "computed": true}}, "nesting_mode": "list"}, "description_kind": "plain", "computed": true}, "limit": {"type": "number", "description": "Maximum entries to return.", "description_kind": "markdown", "optional": true}, "realm": {"type": "string", "description": "Filter by realm name.", "description_kind": "markdown", "optional": true}, "search": {"type": "string", "description": "Full-text search filter.", "description_kind": "markdown", "optional": true}, "username": {"type": "string", "description": "Filter by username.", "description_kind": "markdown", "optional": true}}, "description": "Recent Keycloak admin/user events for a cluster.", "description_kind": "markdown"}}, "skycloak_cluster_events_export": {"version": 0, "block": {"attributes": {"cluster_id": {"type": "string", "description": "Cluster ID.", "description_kind": "markdown", "required": true}, "document": {"type": "string", "description": "The exported events document.", "description_kind": "markdown", "computed": true}}, "description": "Exports a cluster's events as a document (the raw export body).", "description_kind": "markdown"}}, "skycloak_cluster_features": {"version": 0, "block": {"attributes": {"features": {"nested_type": {"attributes": {"description": {"type": "string", "description": "What the feature does.", "description_kind": "markdown", "computed": true}, "display_name": {"type": "string", "description": "Human-readable feature name.", "description_kind": "markdown", "computed": true}, "max_version": {"type": "string", "description": "Maximum cluster version supported.", "description_kind": "markdown", "computed": true}, "min_version": {"type": "string", "description": "Minimum cluster version required.", "description_kind": "markdown", "computed": true}, "name": {"type": "string", "description": "Feature flag identifier.", "description_kind": "markdown", "computed": true}, "preview": {"type": "bool", "description": "Whether the feature is in preview.", "description_kind": "markdown", "computed": true}}, "nesting_mode": "list"}, "description_kind": "plain", "computed": true}}, "description": "Keycloak feature flags available to tenant clusters.", "description_kind": "markdown"}}, "skycloak_cluster_insights": {"version": 0, "block": {"attributes": {"cluster_id": {"type": "string", "description": "Cluster ID.", "description_kind": "markdown", "required": true}, "json": {"type": "string", "description": "The analytics document as a JSON string.", "description_kind": "markdown", "computed": true}, "type": {"type": "string", "description": "Insight type: `overview`, `authentication`, `events`, `performance`, or `security`.", "description_kind": "markdown", "required": true}}, "description": "Cluster analytics returned as a raw JSON document. Decode with `jsondecode()`.", "description_kind": "markdown"}}, "skycloak_cluster_locations": {"version": 0, "block": {"attributes": {"locations": {"nested_type": {"attributes": {"available": {"type": "bool", "description": "Whether the region is available to this workspace.", "description_kind": "markdown", "computed": true}, "location": {"type": "string", "description": "Region code (`us`, `ca`, `eu`, `au`).", "description_kind": "markdown", "computed": true}, "name": {"type": "string", "description": "Human-readable region name.", "description_kind": "markdown", "computed": true}}, "nesting_mode": "list"}, "description_kind": "plain", "computed": true}}, "description": "Supported Skycloak deployment regions.", "description_kind": "markdown"}}, "skycloak_cluster_logs": {"version": 0, "block": {"attributes": {"cluster_id": {"type": "string", "description": "Cluster ID.", "description_kind": "markdown", "required": true}, "level": {"type": "string", "description": "Filter by log level.", "description_kind": "markdown", "optional": true}, "limit": {"type": "number", "description": "Maximum entries to return.", "description_kind": "markdown", "optional": true}, "logs": {"nested_type": {"attributes": {"category": {"type": "string", "description": "Logger category.", "description_kind": "markdown", "computed": true}, "level": {"type": "string", "description": "Log level.", "description_kind": "markdown", "computed": true}, "message": {"type": "string", "description": "Log message.", "description_kind": "markdown", "computed": true}, "source": {"type": "string", "description": "Producing component.", "description_kind": "markdown", "computed": true}, "timestamp": {"type": "string", "description": "Entry time (RFC 3339).", "description_kind": "markdown", "computed": true}}, "nesting_mode": "list"}, "description_kind": "plain", "computed": true}, "search": {"type": "string", "description": "Full-text search filter.", "description_kind": "markdown", "optional": true}}, "description": "Recent application logs for a cluster.", "description_kind": "markdown"}}, "skycloak_cluster_security_logs": {"version": 0, "block": {"attributes": {"cluster_id": {"type": "string", "description": "Cluster ID.", "description_kind": "markdown", "required": true}, "limit": {"type": "number", "description": "Maximum entries to return.", "description_kind": "markdown", "optional": true}, "logs": {"nested_type": {"attributes": {"action": {"type": "string", "description": "Action taken.", "description_kind": "markdown", "computed": true}, "country": {"type": "string", "description": "Resolved country.", "description_kind": "markdown", "computed": true}, "message": {"type": "string", "description": "Event message.", "description_kind": "markdown", "computed": true}, "method": {"type": "string", "description": "HTTP method.", "description_kind": "markdown", "computed": true}, "source_ip": {"type": "string", "description": "Client IP.", "description_kind": "markdown", "computed": true}, "timestamp": {"type": "string", "description": "Event time (RFC 3339).", "description_kind": "markdown", "computed": true}, "type": {"type": "string", "description": "Event type.", "description_kind": "markdown", "computed": true}, "uri": {"type": "string", "description": "Request URI.", "description_kind": "markdown", "computed": true}}, "nesting_mode": "list"}, "description_kind": "plain", "computed": true}, "search": {"type": "string", "description": "Full-text search filter.", "description_kind": "markdown", "optional": true}}, "description": "Recent edge-security logs (WAF, geo-blocking, rate limiting) for a cluster.", "description_kind": "markdown"}}, "skycloak_cluster_types": {"version": 0, "block": {"attributes": {"types": {"nested_type": {"attributes": {"available": {"type": "bool", "description": "Whether the workspace can provision this type.", "description_kind": "markdown", "computed": true}, "name": {"type": "string", "description": "Human-readable type name.", "description_kind": "markdown", "computed": true}, "type": {"type": "string", "description": "Type identifier (`keycloak`, `tidecloak`).", "description_kind": "markdown", "computed": true}}, "nesting_mode": "list"}, "description_kind": "plain", "computed": true}}, "description": "Supported Skycloak cluster types.", "description_kind": "markdown"}}, "skycloak_cluster_upgrade_path": {"version": 0, "block": {"attributes": {"cluster_id": {"type": "string", "description": "Cluster ID.", "description_kind": "markdown", "required": true}, "steps": {"nested_type": {"attributes": {"required": {"type": "bool", "description": "Whether this version must be visited as an intermediate step.", "description_kind": "markdown", "computed": true}, "version": {"type": "string", "description": "Version at this step.", "description_kind": "markdown", "computed": true}}, "nesting_mode": "list"}, "description_kind": "plain", "computed": true}}, "description": "Recommended version-upgrade path for a cluster, ordered from current to target.", "description_kind": "markdown"}}, "skycloak_cluster_upgrades": {"version": 0, "block": {"attributes": {"cluster_id": {"type": "string", "description": "Cluster ID.", "description_kind": "markdown", "required": true}, "upgrades": {"nested_type": {"attributes": {"completed_at": {"type": "string", "description": "Completion time (RFC 3339).", "description_kind": "markdown", "computed": true}, "from_version": {"type": "string", "description": "Version before the upgrade.", "description_kind": "markdown", "computed": true}, "id": {"type": "string", "description": "Upgrade ID.", "description_kind": "markdown", "computed": true}, "phase": {"type": "string", "description": "Upgrade phase.", "description_kind": "markdown", "computed": true}, "started_at": {"type": "string", "description": "Start time (RFC 3339).", "description_kind": "markdown", "computed": true}, "to_version": {"type": "string", "description": "Target version.", "description_kind": "markdown", "computed": true}}, "nesting_mode": "list"}, "description_kind": "plain", "computed": true}}, "description": "Version-upgrade history for a cluster.", "description_kind": "markdown"}}, "skycloak_cluster_versions": {"version": 0, "block": {"attributes": {"type": {"type": "string", "description": "Cluster type (`keycloak`, `tidecloak`).", "description_kind": "markdown", "required": true}, "version_details": {"nested_type": {"attributes": {"active": {"type": "bool", "description": "Whether the version is still offered for new clusters and upgrades. `false` means it is recognised, for example by a cluster already running it, but is no longer offered.", "description_kind": "markdown", "computed": true}, "breaking_change_count": {"type": "number", "description": "Number of breaking changes recorded for this version.", "description_kind": "markdown", "computed": true}, "is_major_change": {"type": "bool", "description": "Whether moving onto this version from the previous supported version crosses a major version boundary.", "description_kind": "markdown", "computed": true}, "version": {"type": "string", "description": "The version number.", "description_kind": "markdown", "computed": true}}, "nesting_mode": "list"}, "description": "The same versions in the same order, with the detail needed to judge an upgrade onto each.", "description_kind": "markdown", "computed": true}, "versions": {"type": ["list", "string"], "description": "Supported versions, newest first.", "description_kind": "markdown", "computed": true}}, "description": "Keycloak versions available for a cluster type.", "description_kind": "markdown"}}, "skycloak_domain_routes": {"version": 0, "block": {"attributes": {"cluster_id": {"type": "string", "description": "Cluster ID.", "description_kind": "markdown", "required": true}, "domain_id": {"type": "string", "description": "Domain ID.", "description_kind": "markdown", "required": true}, "routes": {"nested_type": {"attributes": {"allow_admin_access": {"type": "bool", "description": "Whether the admin console is reachable.", "description_kind": "markdown", "computed": true}, "hide_realm_path": {"type": "bool", "description": "Whether the realm path is hidden.", "description_kind": "markdown", "computed": true}, "id": {"type": "string", "description": "Route ID.", "description_kind": "markdown", "computed": true}, "realm": {"type": "string", "description": "Realm mapped onto the domain.", "description_kind": "markdown", "computed": true}}, "nesting_mode": "list"}, "description_kind": "plain", "computed": true}}, "description": "Realm routes configured on a custom domain.", "description_kind": "markdown"}}, "skycloak_extensions": {"version": 0, "block": {"attributes": {"extensions": {"nested_type": {"attributes": {"description": {"type": "string", "description": "What the extension does.", "description_kind": "markdown", "computed": true}, "documentation_url": {"type": "string", "description": "Documentation URL.", "description_kind": "markdown", "computed": true}, "id": {"type": "string", "description": "Extension ID.", "description_kind": "markdown", "computed": true}, "keycloak_versions": {"type": ["list", "string"], "description": "Supported Keycloak major versions.", "description_kind": "markdown", "computed": true}, "name": {"type": "string", "description": "Extension name.", "description_kind": "markdown", "computed": true}, "repository_url": {"type": "string", "description": "Source repository URL.", "description_kind": "markdown", "computed": true}, "source": {"type": "string", "description": "Source (`marketplace`, `custom`).", "description_kind": "markdown", "computed": true}}, "nesting_mode": "list"}, "description_kind": "plain", "computed": true}}, "description": "Extension catalog available to the workspace. Use an extension's `id` in `skycloak_cluster_extension`.", "description_kind": "markdown"}}, "skycloak_identity_provider_templates": {"version": 0, "block": {"attributes": {"templates": {"nested_type": {"attributes": {"description": {"type": "string", "description": "What the template configures.", "description_kind": "markdown", "computed": true}, "id": {"type": "string", "description": "Template ID.", "description_kind": "markdown", "computed": true}, "name": {"type": "string", "description": "Template name.", "description_kind": "markdown", "computed": true}, "type": {"type": "string", "description": "Identity provider protocol.", "description_kind": "markdown", "computed": true}}, "nesting_mode": "list"}, "description_kind": "plain", "computed": true}}, "description": "Pre-configured identity-provider templates. Use a template `id` as `template_id` when creating an identity provider.", "description_kind": "markdown"}}, "skycloak_oidc_discovery": {"version": 0, "block": {"attributes": {"authorization_endpoint": {"type": "string", "description": "Authorization endpoint.", "description_kind": "markdown", "computed": true}, "issuer": {"type": "string", "description": "Canonical issuer identifier.", "description_kind": "markdown", "computed": true}, "issuer_url": {"type": "string", "description": "OIDC issuer URL. The `/.well-known/openid-configuration` suffix is appended automatically.", "description_kind": "markdown", "required": true}, "jwks_uri": {"type": "string", "description": "JWKS URI.", "description_kind": "markdown", "computed": true}, "scopes_supported": {"type": ["list", "string"], "description": "Scopes advertised by the provider.", "description_kind": "markdown", "computed": true}, "token_endpoint": {"type": "string", "description": "Token endpoint.", "description_kind": "markdown", "computed": true}, "userinfo_endpoint": {"type": "string", "description": "UserInfo endpoint.", "description_kind": "markdown", "computed": true}}, "description": "Resolves an OIDC issuer's discovery document. Use the returned endpoints to pre-fill a `skycloak_identity_provider`.", "description_kind": "markdown"}}, "skycloak_realm_group_members": {"version": 0, "block": {"attributes": {"cluster_id": {"type": "string", "description": "Cluster ID.", "description_kind": "markdown", "required": true}, "group_id": {"type": "string", "description": "Group ID.", "description_kind": "markdown", "required": true}, "members": {"nested_type": {"attributes": {"email": {"type": "string", "description": "Email address.", "description_kind": "markdown", "computed": true}, "email_verified": {"type": "bool", "description": "Whether the email is verified.", "description_kind": "markdown", "computed": true}, "enabled": {"type": "bool", "description": "Whether the user can sign in.", "description_kind": "markdown", "computed": true}, "first_name": {"type": "string", "description": "First name.", "description_kind": "markdown", "computed": true}, "id": {"type": "string", "description": "User ID.", "description_kind": "markdown", "computed": true}, "last_name": {"type": "string", "description": "Last name.", "description_kind": "markdown", "computed": true}, "username": {"type": "string", "description": "Username.", "description_kind": "markdown", "computed": true}}, "nesting_mode": "list"}, "description_kind": "plain", "computed": true}, "realm_name": {"type": "string", "description": "Realm name.", "description_kind": "markdown", "required": true}}, "description": "Users that belong to a realm group.", "description_kind": "markdown"}}, "skycloak_realm_groups": {"version": 0, "block": {"attributes": {"cluster_id": {"type": "string", "description": "Cluster ID.", "description_kind": "markdown", "required": true}, "groups": {"nested_type": {"attributes": {"id": {"type": "string", "description": "Group ID.", "description_kind": "markdown", "computed": true}, "name": {"type": "string", "description": "Group name.", "description_kind": "markdown", "computed": true}, "path": {"type": "string", "description": "Canonical group path.", "description_kind": "markdown", "computed": true}}, "nesting_mode": "list"}, "description_kind": "plain", "computed": true}, "realm_name": {"type": "string", "description": "Realm name.", "description_kind": "markdown", "required": true}}, "description": "Top-level groups in a realm.", "description_kind": "markdown"}}, "skycloak_realm_roles": {"version": 0, "block": {"attributes": {"cluster_id": {"type": "string", "description": "Cluster ID.", "description_kind": "markdown", "required": true}, "realm_name": {"type": "string", "description": "Realm name.", "description_kind": "markdown", "required": true}, "roles": {"nested_type": {"attributes": {"client_role": {"type": "bool", "description": "Whether the role is client-scoped.", "description_kind": "markdown", "computed": true}, "composite": {"type": "bool", "description": "Whether the role is composite.", "description_kind": "markdown", "computed": true}, "description": {"type": "string", "description": "Role description.", "description_kind": "markdown", "computed": true}, "name": {"type": "string", "description": "Role name.", "description_kind": "markdown", "computed": true}}, "nesting_mode": "list"}, "description_kind": "plain", "computed": true}}, "description": "Realm-scoped roles in a realm.", "description_kind": "markdown"}}, "skycloak_realm_users": {"version": 0, "block": {"attributes": {"cluster_id": {"type": "string", "description": "Cluster ID.", "description_kind": "markdown", "required": true}, "realm_name": {"type": "string", "description": "Realm name.", "description_kind": "markdown", "required": true}, "users": {"nested_type": {"attributes": {"email": {"type": "string", "description": "Email address.", "description_kind": "markdown", "computed": true}, "email_verified": {"type": "bool", "description": "Whether the email is verified.", "description_kind": "markdown", "computed": true}, "enabled": {"type": "bool", "description": "Whether the user can sign in.", "description_kind": "markdown", "computed": true}, "first_name": {"type": "string", "description": "First name.", "description_kind": "markdown", "computed": true}, "id": {"type": "string", "description": "User ID.", "description_kind": "markdown", "computed": true}, "last_name": {"type": "string", "description": "Last name.", "description_kind": "markdown", "computed": true}, "username": {"type": "string", "description": "Username.", "description_kind": "markdown", "computed": true}}, "nesting_mode": "list"}, "description_kind": "plain", "computed": true}}, "description": "Users in a realm.", "description_kind": "markdown"}}, "skycloak_siem_destination": {"version": 0, "block": {"attributes": {"created_at": {"type": "string", "description_kind": "plain", "computed": true}, "enabled": {"type": "bool", "description": "Whether forwarding is active.", "description_kind": "markdown", "computed": true}, "failure_count": {"type": "number", "description": "Consecutive delivery failures.", "description_kind": "markdown", "computed": true}, "health_status": {"type": "string", "description": "`healthy`, `degraded`, or `failed`.", "description_kind": "markdown", "computed": true}, "id": {"type": "string", "description": "Destination ID (UUID).", "description_kind": "markdown", "required": true}, "last_error": {"type": "string", "description": "Most recent delivery error.", "description_kind": "markdown", "computed": true}, "last_sent_at": {"type": "string", "description": "Last successful delivery.", "description_kind": "markdown", "computed": true}, "name": {"type": "string", "description": "Destination name.", "description_kind": "markdown", "computed": true}, "source_type": {"type": "string", "description": "Forwarded stream type.", "description_kind": "markdown", "computed": true}, "total_bytes_sent": {"type": "number", "description_kind": "plain", "computed": true}, "total_events_sent": {"type": "number", "description_kind": "plain", "computed": true}, "total_logs_sent": {"type": "number", "description_kind": "plain", "computed": true}, "type": {"type": "string", "description": "Destination type: `syslog`, `s3`, or `http`.", "description_kind": "markdown", "computed": true}, "updated_at": {"type": "string", "description_kind": "plain", "computed": true}}, "description": "A single SIEM forwarding destination by ID.", "description_kind": "markdown"}}, "skycloak_siem_destinations": {"version": 0, "block": {"attributes": {"destinations": {"nested_type": {"attributes": {"created_at": {"type": "string", "description_kind": "plain", "computed": true}, "enabled": {"type": "bool", "description": "Whether forwarding is active.", "description_kind": "markdown", "computed": true}, "failure_count": {"type": "number", "description": "Consecutive delivery failures.", "description_kind": "markdown", "computed": true}, "health_status": {"type": "string", "description": "`healthy`, `degraded`, or `failed`.", "description_kind": "markdown", "computed": true}, "id": {"type": "string", "description": "Destination ID (UUID).", "description_kind": "markdown", "computed": true}, "last_error": {"type": "string", "description": "Most recent delivery error.", "description_kind": "markdown", "computed": true}, "last_sent_at": {"type": "string", "description": "Last successful delivery.", "description_kind": "markdown", "computed": true}, "name": {"type": "string", "description": "Destination name.", "description_kind": "markdown", "computed": true}, "source_type": {"type": "string", "description": "Forwarded stream type.", "description_kind": "markdown", "computed": true}, "total_bytes_sent": {"type": "number", "description_kind": "plain", "computed": true}, "total_events_sent": {"type": "number", "description_kind": "plain", "computed": true}, "total_logs_sent": {"type": "number", "description_kind": "plain", "computed": true}, "type": {"type": "string", "description": "Destination type: `syslog`, `s3`, or `http`.", "description_kind": "markdown", "computed": true}, "updated_at": {"type": "string", "description_kind": "plain", "computed": true}}, "nesting_mode": "list"}, "description": "Destinations, with delivery health.", "description_kind": "markdown", "computed": true}}, "description": "All SIEM forwarding destinations in the workspace.", "description_kind": "markdown"}}, "skycloak_themes": {"version": 0, "block": {"attributes": {"cluster_id": {"type": "string", "description": "Cluster ID to list themes for.", "description_kind": "markdown", "required": true}, "themes": {"nested_type": {"attributes": {"deployed_at": {"type": "string", "description": "Timestamp of the last successful deployment (RFC 3339).", "description_kind": "markdown", "computed": true}, "description": {"type": "string", "description": "Theme description.", "description_kind": "markdown", "computed": true}, "file_size": {"type": "number", "description": "Size of the uploaded archive in bytes.", "description_kind": "markdown", "computed": true}, "id": {"type": "string", "description": "Theme ID.", "description_kind": "markdown", "computed": true}, "name": {"type": "string", "description": "Theme name.", "description_kind": "markdown", "computed": true}, "status": {"type": "string", "description": "Deployment status (`deployed`, `deploying`, `failed`, `undeploying`).", "description_kind": "markdown", "computed": true}, "theme_types": {"type": ["list", "string"], "description": "Keycloak theme types in the package (`login`, `account`, `admin`, `email`).", "description_kind": "markdown", "computed": true}, "version": {"type": "string", "description": "Theme version.", "description_kind": "markdown", "computed": true}}, "nesting_mode": "list"}, "description_kind": "plain", "computed": true}}, "description": "Custom themes uploaded to a cluster. Use a theme's `id` in `skycloak_theme_assignment` or `skycloak_client_theme_assignment`.", "description_kind": "markdown"}}, "skycloak_webhook_event_types": {"version": 0, "block": {"attributes": {"event_types": {"nested_type": {"attributes": {"category": {"type": "string", "description": "Event category.", "description_kind": "markdown", "computed": true}, "deprecated": {"type": "bool", "description_kind": "plain", "computed": true}, "description": {"type": "string", "description_kind": "plain", "computed": true}, "type": {"type": "string", "description": "Event type code.", "description_kind": "markdown", "computed": true}}, "nesting_mode": "list"}, "description_kind": "plain", "computed": true}}, "description": "The catalog of event types webhook subscriptions can deliver.", "description_kind": "markdown"}}, "skycloak_webhook_subscriptions": {"version": 0, "block": {"attributes": {"subscriptions": {"nested_type": {"attributes": {"cluster_id": {"type": "string", "description": "Cluster scoping, if any.", "description_kind": "markdown", "computed": true}, "created_at": {"type": "string", "description_kind": "plain", "computed": true}, "enabled": {"type": "bool", "description_kind": "plain", "computed": true}, "event_types": {"type": ["list", "string"], "description_kind": "plain", "computed": true}, "has_authorization_header": {"type": "bool", "description_kind": "plain", "computed": true}, "has_signing_secret": {"type": "bool", "description_kind": "plain", "computed": true}, "id": {"type": "string", "description": "Subscription ID (UUID).", "description_kind": "markdown", "computed": true}, "name": {"type": "string", "description_kind": "plain", "computed": true}, "realm_id": {"type": "string", "description": "Realm scoping, if any.", "description_kind": "markdown", "computed": true}, "source": {"type": "string", "description": "`keycloak` or `platform`.", "description_kind": "markdown", "computed": true}, "updated_at": {"type": "string", "description_kind": "plain", "computed": true}, "url": {"type": "string", "description_kind": "plain", "computed": true}}, "nesting_mode": "list"}, "description_kind": "plain", "computed": true}}, "description": "All webhook subscriptions in the workspace.", "description_kind": "markdown"}}}}}}